
Microsoft Visual Studio Solution File, Format Version 12.00
Project("{FAE04EC0-301F-11D3-BF4B-00C04F79EFBC}") = "b_api_test", "b_api_test\b_api_test.csproj", "{CF53574C-B234-4DF4-9CB3-8272FD718239}"
EndProject
Project("{2150E333-8FDC-42A3-9474-1A3956D46DE8}") = "generate_list", "generate_list", "{016FB153-8E1F-4B5B-8E32-D1FA88CCB9D9}"
EndProject
Project("{FAE04EC0-301F-11D3-BF4B-00C04F79EFBC}") = "generator", "generator\generator.csproj", "{534BF36D-0B23-4A90-AE38-AE7CFF1C0468}"
EndProject
Global
	GlobalSection(SolutionConfigurationPlatforms) = preSolution
		Debug|Any CPU = Debug|Any CPU
		Release|Any CPU = Release|Any CPU
	EndGlobalSection
	GlobalSection(ProjectConfigurationPlatforms) = postSolution
		{CF53574C-B234-4DF4-9CB3-8272FD718239}.Debug|Any CPU.ActiveCfg = Debug|Any CPU
		{CF53574C-B234-4DF4-9CB3-8272FD718239}.Debug|Any CPU.Build.0 = Debug|Any CPU
		{CF53574C-B234-4DF4-9CB3-8272FD718239}.Release|Any CPU.ActiveCfg = Release|Any CPU
		{CF53574C-B234-4DF4-9CB3-8272FD718239}.Release|Any CPU.Build.0 = Release|Any CPU
		{534BF36D-0B23-4A90-AE38-AE7CFF1C0468}.Debug|Any CPU.ActiveCfg = Debug|Any CPU
		{534BF36D-0B23-4A90-AE38-AE7CFF1C0468}.Debug|Any CPU.Build.0 = Debug|Any CPU
		{534BF36D-0B23-4A90-AE38-AE7CFF1C0468}.Release|Any CPU.ActiveCfg = Release|Any CPU
		{534BF36D-0B23-4A90-AE38-AE7CFF1C0468}.Release|Any CPU.Build.0 = Release|Any CPU
	EndGlobalSection
EndGlobal
